{
    "version": "0.5",
    "requires": [
        "zlib/1.3.1#f52e03ae3d251dec704634230cd806a2%1708593606.497",
        "xxhash/0.8.2#03fd1c9a839b3f9cdf5ea9742c312187%1690040859.0",
        "xorg/system#f626cbdd0ba57d9c53bce2d8b9362fad%1709213216.576",
        "xkeyboard-config/system#57dd5c08e72ab06bc2ee0e756c0a2c41%1703110621.907",
        "xkbcommon/1.5.0#91e39b3619ef0d4f17ec09f303935208%1714157596.663",
        "wayland/1.22.0#284b56bdbe57868770f46100784e3b4d%1713421055.17",
        "util-linux-libuuid/2.39.2#339f80aea7e5cf507b5b9839a128909f%1704959804.303",
        "sqlite_orm/1.8.2#daafb47affbc42f23bd5f90771cefc8f%1705766526.949",
        "sqlite3/3.45.0#3a7911478ffd14e7acc694ac113449b6%1707810434.986",
        "qt/6.7.1#dc6548387c44448b2b955171e9c7cc21%1724686819.022",
        "protobuf/3.21.12#2099e6c66fcd31b52c3afc0c096c1d02%1721234378.51",
        "prometheus-cpp/1.1.0#2b8cfc6b45222336742b7fbc8ca9b53e%1700340184.905",
        "pcre2/10.42#576680686b88a4dadf6d382d6d6351d9%1719089281.966",
        "openssl/3.3.1#279e86dc2a7dded8c1fe8512e775bdb1%1721924369.561",
        "opengl/system#4df6fecde4084386beded3ed0e56e4ea%1709801735.507",
        "mbedtls/2.28.8#5e8d1d39933caa62b8ffea64b7319f0f%1714375768.001",
        "libxml2/2.12.7#1c4d20b7ab8b618ce699733723ba4df6%1721306327.767",
        "libunwind/1.8.1#97965ef7da98cf1662e14219b14134f7%1714290706.339",
        "libselinux/3.6#5a78ff6ae5034eeaac8da723361a8ce4%1717655459.344",
        "libpng/1.6.43#c219d8f01983bac10c404fc613605eef%1708791038.007",
        "libmount/2.39#8a95198b2547a8ca7685eb7a1d002903%1705591483.106",
        "libiconv/1.17#73fefc1b696e069df90fd1d18aa63edd%1707122814.387",
        "libgettext/0.22#35d2811b2dd27a98f69e4daa86ca2000%1714393058.647",
        "libffi/3.4.4#72cccac6139293b6e97ec9cd676547ff%1712271679.608",
        "libelf/0.8.13#4f70a3555809ae50cc8add44f0f84288%1682439923.579",
        "libcurl/8.9.1#9e940595377416e8d16e813a21e687a0%1722414171.164",
        "libarchive/3.7.4#db39e5a5cddfd3a1884daaab4b7942fb%1714311064.898",
        "icu/74.2#a62036066fcce8a73a7119c8ae828b15%1721811899.524",
        "harfbuzz/8.3.0#c83405ed297bad6c9e9587e2a19c686a%1713342401.259",
        "gtest/1.15.0#9eb07f548819215e766e41399858454f%1721318797.609",
        "glib/2.78.3#0d214f34a22088571a43892d3fd41093%1721997887.511",
        "freetype/2.13.2#7934d59c447d72edcd56025dc60e1aeb%1714137854.529",
        "fontconfig/2.15.0#e0b660ff9389f08e1aca1a67d748d737%1713877185.103",
        "expat/2.6.2#2d385d0d50eb5561006a7ff9e356656b%1710428668.414",
        "double-conversion/3.3.0#33321c201741cc32b51169c6d2d05e60%1684478632.238",
        "date/3.0.1#032e24ad8bd1fd136dd33c932563d3d1%1701173527.884",
        "civetweb/1.16#fbdec252dc18b011fcd68d0663054ed8%1717493460.975",
        "bzip2/1.0.8#457c272f7da34cb9c67456dd217d36c4%1703591832.799",
        "brotli/1.1.0#d56d7bb9ca722942aba17369cb5c0519%1696161049.808",
        "boost/1.85.0#0146e46a0e32fbb44e7189f25c193dae%1722407309.834",
        "benchmark/1.9.0#ad992fd28f453d1f895d32b2ba576892%1724323740.598"
    ],
    "build_requires": [
        "zlib/1.3.1#f52e03ae3d251dec704634230cd806a2%1708593606.497",
        "xorg/system#f626cbdd0ba57d9c53bce2d8b9362fad%1709213216.576",
        "xkeyboard-config/system#57dd5c08e72ab06bc2ee0e756c0a2c41%1703110621.907",
        "xkbcommon/1.5.0#91e39b3619ef0d4f17ec09f303935208%1714157596.663",
        "wayland-protocols/1.33#b9e56b7662c2a25f30bfb4eb72df9ad6%1712673831.168",
        "wayland/1.22.0#284b56bdbe57868770f46100784e3b4d%1713421055.17",
        "util-linux-libuuid/2.39.2#339f80aea7e5cf507b5b9839a128909f%1704959804.303",
        "strawberryperl/5.32.1.1#707032463aa0620fa17ec0d887f5fe41%1716912583.131",
        "qt/6.7.1#dc6548387c44448b2b955171e9c7cc21%1724686819.022",
        "protobuf/3.21.12#2099e6c66fcd31b52c3afc0c096c1d02%1721234378.51",
        "pkgconf/2.2.0#6462942a22803086372db44689ba825f%1713364853.749",
        "pkgconf/2.1.0#27f44583701117b571307cf5b5fe5605%1701537936.436",
        "pkgconf/2.0.3#f996677e96e61e6552d85e83756c328b%1696606182.229",
        "pcre2/10.42#576680686b88a4dadf6d382d6d6351d9%1719089281.966",
        "openssl/3.3.1#279e86dc2a7dded8c1fe8512e775bdb1%1721924369.561",
        "opengl/system#4df6fecde4084386beded3ed0e56e4ea%1709801735.507",
        "ninja/1.12.1#fd583651bf0c6a901943495d49878803%1724079877.609",
        "nasm/2.16.01#d0aebbd20ccbb6ad9c9c753ab708098c%1703986473.394",
        "msys2/cci.latest#f6bb451a181a3f452024ea43ca744061%1720711212.775",
        "meson/1.5.1#6a2a0af06a61b57f6e6f0fe88491f0e3%1724080325.63",
        "meson/1.4.0#d04d88a761cf81e05206dbbe0f1bfea2%1724080327.035",
        "meson/1.3.2#726f715cfedf3f94cc4d30a5d5d9c281%1724080329.711",
        "meson/1.3.0#21176d1eacfb0ad6a1bd0c8c3c93f8b6%1724080332.051",
        "meson/1.2.2#29cf77c283f6af08818f6fd8068c37e8%1724080330.199",
        "m4/1.4.19#b38ced39a01e31fef5435bc634461fd2%1700758725.451",
        "libxml2/2.12.7#1c4d20b7ab8b618ce699733723ba4df6%1721306327.767",
        "libtool/2.4.7#08316dad5c72c541ed21e039e4cf217b%1702300906.107",
        "libselinux/3.6#5a78ff6ae5034eeaac8da723361a8ce4%1717655459.344",
        "libpng/1.6.43#c219d8f01983bac10c404fc613605eef%1708791038.007",
        "libmount/2.39#8a95198b2547a8ca7685eb7a1d002903%1705591483.106",
        "libiconv/1.17#73fefc1b696e069df90fd1d18aa63edd%1707122814.387",
        "libgettext/0.22#35d2811b2dd27a98f69e4daa86ca2000%1714393058.647",
        "libffi/3.4.4#72cccac6139293b6e97ec9cd676547ff%1712271679.608",
        "libelf/0.8.13#4f70a3555809ae50cc8add44f0f84288%1682439923.579",
        "icu/74.2#a62036066fcce8a73a7119c8ae828b15%1721811899.524",
        "harfbuzz/8.3.0#c83405ed297bad6c9e9587e2a19c686a%1713342401.259",
        "gperf/3.1#1d622ad9717e9348ed3685c9994ad0b9%1709324989.76",
        "gnu-config/cci.20210814#dc430d754f465e8c74463019672fb97b%1701248168.479",
        "glib/2.78.3#0d214f34a22088571a43892d3fd41093%1721997887.511",
        "freetype/2.13.2#7934d59c447d72edcd56025dc60e1aeb%1714137854.529",
        "fontconfig/2.15.0#e0b660ff9389f08e1aca1a67d748d737%1713877185.103",
        "flex/2.6.4#e35bc44b3fcbcd661e0af0dc5b5b1ad4%1674818991.113",
        "expat/2.6.2#2d385d0d50eb5561006a7ff9e356656b%1710428668.414",
        "double-conversion/3.3.0#33321c201741cc32b51169c6d2d05e60%1684478632.238",
        "cmake/3.30.1#6d832cf2d46f6ec969ca5ed5b41f91eb%1721643748.186",
        "bzip2/1.0.8#457c272f7da34cb9c67456dd217d36c4%1703591832.799",
        "brotli/1.1.0#d56d7bb9ca722942aba17369cb5c0519%1696161049.808",
        "bison/3.8.2#ed1ba0c42d2ab7ab64fc3a62e9ecc673%1688556312.342",
        "b2/5.2.1#91bc73931a0acb655947a81569ed8b80%1718416612.241",
        "automake/1.16.5#058bda3e21c36c9aa8425daf3c1faf50%1688481772.751",
        "autoconf/2.71#f9307992909d7fb3df459340f1932809%1711983104.648"
    ],
    "python_requires": [],
    "config_requires": []
}