{
    "version": "0.5",
    "requires": [
        "zlib/1.3.1#f52e03ae3d251dec704634230cd806a2%1708593606.497",
        "xxhash/0.8.2#03fd1c9a839b3f9cdf5ea9742c312187%1690040859.0",
        "xorg/system#98f82cb669e4ebc6b4d9d8a4f3f1faf4%1725460968.361",
        "xkeyboard-config/system#57dd5c08e72ab06bc2ee0e756c0a2c41%1703110621.907",
        "xkbcommon/1.5.0#91e39b3619ef0d4f17ec09f303935208%1714157596.663",
        "wayland/1.22.0#88ba0706e8a04d2dc22b35f40417c5fe%1732121187.309",
        "sqlite_orm/1.8.2#f3b2a0591e794fa8f0097c6cbc2364c1%1724630962.308",
        "sqlite3/3.45.0#3a7911478ffd14e7acc694ac113449b6%1707810434.986",
        "qt/6.7.3#03632094d9e141e32da10ce6ea9ef6a5%1727433501.963",
        "protobuf/3.21.12#d1ddaac72b361494fe277377dbfe94c7%1732221817.822",
        "prometheus-cpp/1.3.0#bc7a2580b50b71325073289320205af0%1730724347.343",
        "pcre2/10.42#ac2227071f79a062167cf2fee7189d66%1727865720.942",
        "openssl/3.3.2#9f9f130d58e7c13e76bb8a559f0a6a8b%1726234629.657",
        "opengl/system#7c02ea6ef926fd04844af53622a30541%1730805494.23",
        "nlohmann_json/3.11.3#45828be26eb619a2e04ca517bb7b828d%1701220705.259",
        "libxml2/2.13.4#72b3bfba0c37dfe22f20c587cc468f4c%1726875222.855",
        "libunwind/1.8.1#97965ef7da98cf1662e14219b14134f7%1714290706.339",
        "libselinux/3.6#5a78ff6ae5034eeaac8da723361a8ce4%1717655459.344",
        "libpng/1.6.44#9e1aa08fb46946c7c91e4ae03bd49811%1726517437.225",
        "libmount/2.39.2#64850679fa9d5ead878e5076b0cab2a8%1705591482.625",
        "libiconv/1.17#73fefc1b696e069df90fd1d18aa63edd%1707122814.387",
        "libgettext/0.22#35d2811b2dd27a98f69e4daa86ca2000%1714393058.647",
        "libffi/3.4.4#72cccac6139293b6e97ec9cd676547ff%1712271679.608",
        "libelf/0.8.13#a14ade1a4630f9f0e7406403f17dfeb5%1733499416.466",
        "libcurl/8.10.1#a3113369c86086b0e84231844e7ed0a9%1726826278.501",
        "libarchive/3.7.6#11e70b88b334f684eb9f6b65f287c81e%1728649279.378",
        "inja/3.4.0#35f59dc1494d4085ca99d8cc79f3c33d%1701333345.133",
        "icu/74.2#cd1937b9561b8950a2ae6311284c5813%1730226024.198",
        "harfbuzz/8.3.0#c83405ed297bad6c9e9587e2a19c686a%1713342401.259",
        "gtest/1.15.0#9eb07f548819215e766e41399858454f%1721318797.609",
        "glib/2.78.3#ba6620cfe5c67fe7f9548f7ea678acba%1732789138.865",
        "freetype/2.13.2#5d2563803c8558d4ef47271a82c73d20%1728736671.752",
        "fontconfig/2.15.0#9242855e95c8a8b80f3bd89758a8bf97%1728293838.725",
        "expat/2.6.4#635539330b990d8543d896d34bdbfe9f%1731016681.341",
        "double-conversion/3.3.0#33321c201741cc32b51169c6d2d05e60%1684478632.238",
        "date/3.0.3#cf28fe9c0aab99fe12da08aa42df65e1%1729472011.61",
        "civetweb/1.16#fbdec252dc18b011fcd68d0663054ed8%1717493460.975",
        "bzip2/1.0.8#d00dac990f08d991998d624be81a9526%1724661266.998",
        "brotli/1.1.0#d56d7bb9ca722942aba17369cb5c0519%1696161049.808",
        "boost/1.86.0#d6fc1753c34b475fc7d4c23bdb8143fb%1731922109.049",
        "benchmark/1.9.0#ad992fd28f453d1f895d32b2ba576892%1724323740.598"
    ],
    "build_requires": [
        "zlib/1.3.1#f52e03ae3d251dec704634230cd806a2%1708593606.497",
        "xorg/system#98f82cb669e4ebc6b4d9d8a4f3f1faf4%1725460968.361",
        "xkeyboard-config/system#57dd5c08e72ab06bc2ee0e756c0a2c41%1703110621.907",
        "xkbcommon/1.5.0#91e39b3619ef0d4f17ec09f303935208%1714157596.663",
        "wayland-protocols/1.33#ff1b6deb00cb3ddd949261217588a4de%1725279251.597",
        "wayland/1.22.0#88ba0706e8a04d2dc22b35f40417c5fe%1732121187.309",
        "strawberryperl/5.32.1.1#707032463aa0620fa17ec0d887f5fe41%1716912583.131",
        "qt/6.7.3#03632094d9e141e32da10ce6ea9ef6a5%1727433501.963",
        "protobuf/3.21.12#d1ddaac72b361494fe277377dbfe94c7%1732221817.822",
        "pkgconf/2.2.0#6462942a22803086372db44689ba825f%1713364853.749",
        "pkgconf/2.1.0#27f44583701117b571307cf5b5fe5605%1701537936.436",
        "pcre2/10.42#ac2227071f79a062167cf2fee7189d66%1727865720.942",
        "openssl/3.3.2#9f9f130d58e7c13e76bb8a559f0a6a8b%1726234629.657",
        "opengl/system#7c02ea6ef926fd04844af53622a30541%1730805494.23",
        "ninja/1.12.1#fd583651bf0c6a901943495d49878803%1724079877.609",
        "nasm/2.16.01#d0aebbd20ccbb6ad9c9c753ab708098c%1703986473.394",
        "msys2/cci.latest#4927aa5502eb174e95df524f2be2685e%1732034252.89",
        "meson/1.6.0#df190c5b0592572e6f5a1b05999e7e6d%1729471712.809",
        "meson/1.4.0#2262941cc8fbb0099dd0c196ca2a6c01%1726730116.631",
        "meson/1.3.2#26ce8a76a36cc275cdfee1d757bc6561%1726730118.251",
        "meson/1.3.0#39e72c134c60664acd1368390f663f85%1726730116.956",
        "meson/1.2.2#21b73818ba96d9eea465b310b5bbc993%1726730120.212",
        "m4/1.4.19#b38ced39a01e31fef5435bc634461fd2%1700758725.451",
        "libxml2/2.13.4#72b3bfba0c37dfe22f20c587cc468f4c%1726875222.855",
        "libtool/2.4.7#08316dad5c72c541ed21e039e4cf217b%1702300906.107",
        "libselinux/3.6#5a78ff6ae5034eeaac8da723361a8ce4%1717655459.344",
        "libpng/1.6.44#9e1aa08fb46946c7c91e4ae03bd49811%1726517437.225",
        "libmount/2.39.2#64850679fa9d5ead878e5076b0cab2a8%1705591482.625",
        "libiconv/1.17#73fefc1b696e069df90fd1d18aa63edd%1707122814.387",
        "libgettext/0.22#35d2811b2dd27a98f69e4daa86ca2000%1714393058.647",
        "libffi/3.4.4#72cccac6139293b6e97ec9cd676547ff%1712271679.608",
        "libelf/0.8.13#a14ade1a4630f9f0e7406403f17dfeb5%1733499416.466",
        "icu/74.2#cd1937b9561b8950a2ae6311284c5813%1730226024.198",
        "harfbuzz/8.3.0#c83405ed297bad6c9e9587e2a19c686a%1713342401.259",
        "gperf/3.1#1d622ad9717e9348ed3685c9994ad0b9%1709324989.76",
        "gnu-config/cci.20210814#dc430d754f465e8c74463019672fb97b%1701248168.479",
        "glib/2.78.3#ba6620cfe5c67fe7f9548f7ea678acba%1732789138.865",
        "freetype/2.13.2#5d2563803c8558d4ef47271a82c73d20%1728736671.752",
        "fontconfig/2.15.0#9242855e95c8a8b80f3bd89758a8bf97%1728293838.725",
        "flex/2.6.4#e35bc44b3fcbcd661e0af0dc5b5b1ad4%1674818991.113",
        "expat/2.6.4#635539330b990d8543d896d34bdbfe9f%1731016681.341",
        "double-conversion/3.3.0#33321c201741cc32b51169c6d2d05e60%1684478632.238",
        "cmake/3.31.0#ba7dbf3b2fc9e70653b4c0fb5bbd2483%1731316134.743",
        "bzip2/1.0.8#d00dac990f08d991998d624be81a9526%1724661266.998",
        "brotli/1.1.0#d56d7bb9ca722942aba17369cb5c0519%1696161049.808",
        "bison/3.8.2#ed1ba0c42d2ab7ab64fc3a62e9ecc673%1688556312.342",
        "b2/5.2.1#91bc73931a0acb655947a81569ed8b80%1718416612.241",
        "automake/1.16.5#058bda3e21c36c9aa8425daf3c1faf50%1688481772.751",
        "autoconf/2.71#f9307992909d7fb3df459340f1932809%1711983104.648"
    ],
    "python_requires": [],
    "config_requires": []
}