{
    "version": "0.5",
    "requires": [
        "zstd/1.5.7#f98394e178ac97e2a7b445ea0ce6bcaf%1740761984.657",
        "zlib/1.3.1#b8bc2603263cf7eccbd6e17e66b0ed76%1733936244.862",
        "xz_utils/5.4.5#b885d1d79c9d30cff3803f7f551dbe66%1724318972.064",
        "xxhash/0.8.3#451bf3d403efd23d5358a2f72f5b46ae%1741219089.065",
        "xorg/system#98f82cb669e4ebc6b4d9d8a4f3f1faf4%1725460968.361",
        "xkeyboard-config/system#9704cfadc100ffc0cfc91c8d0ec0d3aa%1741256712.506",
        "xkbcommon/1.5.0#b0c188152e83df50b6762c4f49479c74%1741781634.92",
        "wayland/1.22.0#58b35201fac71e10b5fcda91dece729f%1741781623.74",
        "sqlite_orm/1.9.1#b0fc2944b635b1a83bba7ae3c61315bb%1741946857.455",
        "sqlite3/3.49.1#8631739a4c9b93bd3d6b753bac548a63%1740462952.817",
        "qt/6.7.3#2ee428f2b634e73489384f3fb1b90f3a%1738688281.62",
        "protobuf/3.21.12#1815c278fa25d4447be035f7bb52ed7e%1742892883.026",
        "prometheus-cpp/1.3.0#bc7a2580b50b71325073289320205af0%1730724347.343",
        "pcre2/10.42#ac2227071f79a062167cf2fee7189d66%1727865720.942",
        "openssl/3.4.1#85da54eb530cab53de0cc0ee9065d066%1741868597.788",
        "opengl/system#7c02ea6ef926fd04844af53622a30541%1730805494.23",
        "nlohmann_json/3.11.3#45828be26eb619a2e04ca517bb7b828d%1701220705.259",
        "libxml2/2.13.6#6771e0f3decae544bc94f16259438684%1740583069.781",
        "libunwind/1.8.1#97965ef7da98cf1662e14219b14134f7%1714290706.339",
        "libselinux/3.6#5a78ff6ae5034eeaac8da723361a8ce4%1717655459.344",
        "libpng/1.6.47#d7ad969de6b0a72704cf03d6ef17648b%1740028982.292",
        "libmount/2.39.2#64850679fa9d5ead878e5076b0cab2a8%1705591482.625",
        "libiconv/1.17#1ae2f60ab5d08de1643a22a81b360c59%1737639926.448",
        "libgettext/0.22#35d2811b2dd27a98f69e4daa86ca2000%1714393058.647",
        "libffi/3.4.4#1520e366dc9a6a38898b4993bb198748%1739352850.021",
        "libcurl/8.12.1#722cbde4f18cb5824bdc4d4f827b0ec6%1741075594.67",
        "libarchive/3.7.7#374e08956b2917304faf929612cd2222%1743067905.772",
        "inja/3.4.0#35f59dc1494d4085ca99d8cc79f3c33d%1701333345.133",
        "icu/74.2#cd1937b9561b8950a2ae6311284c5813%1730226024.198",
        "harfbuzz/8.3.0#c83405ed297bad6c9e9587e2a19c686a%1713342401.259",
        "gtest/1.16.0#b79e331e44bc2ce4fca3cf59c56387b6%1741011059.386",
        "glib/2.78.3#a15f775789e881a2bc3c9693aa69b2c6%1741781933.041",
        "freetype/2.13.2#5d2563803c8558d4ef47271a82c73d20%1728736671.752",
        "fontconfig/2.15.0#9242855e95c8a8b80f3bd89758a8bf97%1728293838.725",
        "expat/2.7.0#0e9d175e697ef0d6007d9dc193fd642d%1741905014.551",
        "elfutils/0.190#8e8c47bd9b2578e29a0341b09b977be8%1739188192.515",
        "double-conversion/3.3.0#33321c201741cc32b51169c6d2d05e60%1684478632.238",
        "date/3.0.3#cf28fe9c0aab99fe12da08aa42df65e1%1729472011.61",
        "civetweb/1.16#fbdec252dc18b011fcd68d0663054ed8%1717493460.975",
        "bzip2/1.0.8#d00dac990f08d991998d624be81a9526%1724661266.998",
        "brotli/1.1.0#49f32616b573889b5f0d79f41570fdb3%1743004878.344",
        "boost/1.86.0#ce76e7477e466d7d8cbcf738c5d64175%1736197454.755",
        "benchmark/1.9.1#73d267daf0371b7f6605edef1594a681%1736524768.274"
    ],
    "build_requires": [
        "zstd/1.5.7#f98394e178ac97e2a7b445ea0ce6bcaf%1740761984.657",
        "zlib/1.3.1#b8bc2603263cf7eccbd6e17e66b0ed76%1733936244.862",
        "xz_utils/5.4.5#b885d1d79c9d30cff3803f7f551dbe66%1724318972.064",
        "xorg/system#98f82cb669e4ebc6b4d9d8a4f3f1faf4%1725460968.361",
        "xkeyboard-config/system#9704cfadc100ffc0cfc91c8d0ec0d3aa%1741256712.506",
        "xkbcommon/1.5.0#b0c188152e83df50b6762c4f49479c74%1741781634.92",
        "wayland-protocols/1.33#e50e231235a3ed2c09f01196aa34e120%1743002532.508",
        "wayland/1.22.0#58b35201fac71e10b5fcda91dece729f%1741781623.74",
        "strawberryperl/5.32.1.1#707032463aa0620fa17ec0d887f5fe41%1716912583.131",
        "qt/6.7.3#2ee428f2b634e73489384f3fb1b90f3a%1738688281.62",
        "protobuf/3.21.12#1815c278fa25d4447be035f7bb52ed7e%1742892883.026",
        "pkgconf/2.2.0#6462942a22803086372db44689ba825f%1713364853.749",
        "pkgconf/2.1.0#27f44583701117b571307cf5b5fe5605%1701537936.436",
        "pcre2/10.42#ac2227071f79a062167cf2fee7189d66%1727865720.942",
        "openssl/3.4.1#85da54eb530cab53de0cc0ee9065d066%1741868597.788",
        "opengl/system#7c02ea6ef926fd04844af53622a30541%1730805494.23",
        "ninja/1.12.1#fd583651bf0c6a901943495d49878803%1724079877.609",
        "nasm/2.16.01#d0aebbd20ccbb6ad9c9c753ab708098c%1703986473.394",
        "msys2/cci.latest#4927aa5502eb174e95df524f2be2685e%1732034252.89",
        "meson/1.6.0#df190c5b0592572e6f5a1b05999e7e6d%1729471712.809",
        "meson/1.4.0#2262941cc8fbb0099dd0c196ca2a6c01%1726730116.631",
        "meson/1.3.2#26ce8a76a36cc275cdfee1d757bc6561%1726730118.251",
        "meson/1.3.0#39e72c134c60664acd1368390f663f85%1726730116.956",
        "meson/1.2.2#21b73818ba96d9eea465b310b5bbc993%1726730120.212",
        "m4/1.4.19#b38ced39a01e31fef5435bc634461fd2%1700758725.451",
        "libxml2/2.13.6#6771e0f3decae544bc94f16259438684%1740583069.781",
        "libtool/2.4.7#a182d7ce8d4c346a19dbd4a5d532ef68%1742900203.747",
        "libselinux/3.6#5a78ff6ae5034eeaac8da723361a8ce4%1717655459.344",
        "libpng/1.6.47#d7ad969de6b0a72704cf03d6ef17648b%1740028982.292",
        "libmount/2.39.2#64850679fa9d5ead878e5076b0cab2a8%1705591482.625",
        "libiconv/1.17#1ae2f60ab5d08de1643a22a81b360c59%1737639926.448",
        "libgettext/0.22#35d2811b2dd27a98f69e4daa86ca2000%1714393058.647",
        "libffi/3.4.4#1520e366dc9a6a38898b4993bb198748%1739352850.021",
        "icu/74.2#cd1937b9561b8950a2ae6311284c5813%1730226024.198",
        "harfbuzz/8.3.0#c83405ed297bad6c9e9587e2a19c686a%1713342401.259",
        "gperf/3.1#1d622ad9717e9348ed3685c9994ad0b9%1709324989.76",
        "gnu-config/cci.20210814#dc430d754f465e8c74463019672fb97b%1701248168.479",
        "glib/2.78.3#a15f775789e881a2bc3c9693aa69b2c6%1741781933.041",
        "gettext/0.22.5#909a6ca9b6d4062e9b6ccf25c8461cda%1714394716.929",
        "freetype/2.13.2#5d2563803c8558d4ef47271a82c73d20%1728736671.752",
        "fontconfig/2.15.0#9242855e95c8a8b80f3bd89758a8bf97%1728293838.725",
        "flex/2.6.4#e35bc44b3fcbcd661e0af0dc5b5b1ad4%1674818991.113",
        "expat/2.7.0#0e9d175e697ef0d6007d9dc193fd642d%1741905014.551",
        "elfutils/0.190#8e8c47bd9b2578e29a0341b09b977be8%1739188192.515",
        "double-conversion/3.3.0#33321c201741cc32b51169c6d2d05e60%1684478632.238",
        "cmake/3.31.6#ed0e6c1d49bd564ce6fed1a19653b86d%1740594968.467",
        "bzip2/1.0.8#d00dac990f08d991998d624be81a9526%1724661266.998",
        "brotli/1.1.0#49f32616b573889b5f0d79f41570fdb3%1743004878.344",
        "bison/3.8.2#ed1ba0c42d2ab7ab64fc3a62e9ecc673%1688556312.342",
        "b2/5.2.1#91bc73931a0acb655947a81569ed8b80%1718416612.241",
        "automake/1.16.5#058bda3e21c36c9aa8425daf3c1faf50%1688481772.751",
        "autoconf/2.71#f9307992909d7fb3df459340f1932809%1711983104.648"
    ],
    "python_requires": [],
    "config_requires": []
}